# This file is automatically @generated by Poetry 1.7.1 and should not be changed by hand.

[[package]]
name = "bullet"
version = "2.2.0"
description = "Beautiful Python prompts made simple."
optional = false
python-versions = "*"
files = [
    {file = "bullet-2.2.0-py3-none-any.whl", hash = "sha256:d22528deb914ce3ff20a4a000fa5ba37179697f384a0748f90691de8a74cf006"},
    {file = "bullet-2.2.0.tar.gz", hash = "sha256:dfa0fa81810ad1a9e688815ca04f24af87ff5cdbe803b42fa634b1f50fc9d887"},
]

[metadata]
lock-version = "2.0"
python-versions = "^3.12"
content-hash = "32380b29db804b14331790a12657de7f6e934f1e56f699941deeb763e6be1648"
